
Microsoft Visual Studio Solution File, Format Version 12.00
# Visual Studio Version 17
VisualStudioVersion = 17.1.32210.238
MinimumVisualStudioVersion = 10.0.40219.1
Project("{FAE04EC0-301F-11D3-BF4B-00C04F79EFBC}") = "CRUDApi", "CRUDApi\CRUDApi.csproj", "{D586AB04-BD2D-4E75-96CD-07971A1C8881}"
EndProject
Global
	GlobalSection(SolutionConfigurationPlatforms) = preSolution
		Debug|Any CPU = Debug|Any CPU
		Release|Any CPU = Release|Any CPU
	EndGlobalSection
	GlobalSection(ProjectConfigurationPlatforms) = postSolution
		{D586AB04-BD2D-4E75-96CD-07971A1C8881}.Debug|Any CPU.ActiveCfg = Debug|Any CPU
		{D586AB04-BD2D-4E75-96CD-07971A1C8881}.Debug|Any CPU.Build.0 = Debug|Any CPU
		{D586AB04-BD2D-4E75-96CD-07971A1C8881}.Release|Any CPU.ActiveCfg = Release|Any CPU
		{D586AB04-BD2D-4E75-96CD-07971A1C8881}.Release|Any CPU.Build.0 = Release|Any CPU
	EndGlobalSection
	GlobalSection(SolutionProperties) = preSolution
		HideSolutionNode = FALSE
	EndGlobalSection
	GlobalSection(ExtensibilityGlobals) = postSolution
		SolutionGuid = {59EEA8EC-E945-43F8-8256-F6CD835FE07F}
	EndGlobalSection
EndGlobal
